
Microsoft Visual Studio Solution File, Format Version 12.00
# Visual Studio Version 16
VisualStudioVersion = 16.0.30621.155
MinimumVisualStudioVersion = 10.0.40219.1
Project("{FAE04EC0-301F-11D3-BF4B-00C04F79EFBC}") = "VirtualFlightBag", "VirtualFlightBag\VirtualFlightBag.csproj", "{1D0FB22E-85F2-42B6-AEA9-8B5326909755}"
EndProject
Global
	GlobalSection(SolutionConfigurationPlatforms) = preSolution
		Debug|Any CPU = Debug|Any CPU
		Release|Any CPU = Release|Any CPU
	EndGlobalSection
	GlobalSection(ProjectConfigurationPlatforms) = postSolution
		{1D0FB22E-85F2-42B6-AEA9-8B5326909755}.Debug|Any CPU.ActiveCfg = Debug|Any CPU
		{1D0FB22E-85F2-42B6-AEA9-8B5326909755}.Debug|Any CPU.Build.0 = Debug|Any CPU
		{1D0FB22E-85F2-42B6-AEA9-8B5326909755}.Release|Any CPU.ActiveCfg = Release|Any CPU
		{1D0FB22E-85F2-42B6-AEA9-8B5326909755}.Release|Any CPU.Build.0 = Release|Any CPU
	EndGlobalSection
	GlobalSection(SolutionProperties) = preSolution
		HideSolutionNode = FALSE
	EndGlobalSection
	GlobalSection(ExtensibilityGlobals) = postSolution
		SolutionGuid = {9A5100F7-5BDF-4A49-BDE4-D3CA4DF3DBB0}
	EndGlobalSection
EndGlobal
